{
  "name": "frontend",
  "lockfileVersion": 3,
  "requires": true,
  "packages": {
    "": {
      "dependencies": {
        "handcrafted-backend": "file:../.."
      }
    },
    "../..": {
      "name": "handcrafted-backend",
      "version": "1.0.0",
      "dependencies": {
        "bcryptjs": "^2.4.3",
        "cors": "^2.8.5",
        "dotenv": "^16.3.1",
        "express": "^4.19.2",
        "handcrafted-frontend": "file:../frontend",
        "jsonwebtoken": "^9.0.2",
        "mysql2": "^3.15.3",
        "pdfkit": "^0.15.2",
        "sequelize": "^6.37.7"
      },
      "devDependencies": {
        "eslint": "^8.57.0",
        "jest": "^29.7.0",
        "nodemon": "^3.1.0",
        "supertest": "^7.1.1"
      }
    },
    "node_modules/handcrafted-backend": {
      "resolved": "../..",
      "link": true
    }
  }
}
